{
  "name": "@keshavsoft/kschema-cli",
  "version": "1.6.2",
  "lockfileVersion": 3,
  "requires": true,
  "packages": {
    "": {
      "name": "@keshavsoft/kschema-cli",
      "version": "1.6.2",
      "dependencies": {
        "@keshavsoft/kschema": "^1.12.3"
      },
      "bin": {
        "kschema-cli": "bin/cli.js"
      }
    },
    "node_modules/@keshavsoft/kschema": {
      "version": "1.12.3",
      "resolved": "https://registry.npmjs.org/@keshavsoft/kschema/-/kschema-1.12.3.tgz",
      "integrity": "sha512-ZSowfTkFcIHvJEzV0svE9UNLYCFyL3WrL+MTWf/hZ3WjTseqMgvSI1EYe/cD+AeAGfyFtiEmyxci7ouMLfPC+g==",
      "bin": {
        "kschema": "src/v12/cli.js"
      }
    }
  }
}
